
Microsoft Visual Studio Solution File, Format Version 12.00
# Visual Studio Version 17
VisualStudioVersion = 17.13.35806.99 d17.13
MinimumVisualStudioVersion = 10.0.40219.1
Project("{FAE04EC0-301F-11D3-BF4B-00C04F79EFBC}") = "OdevAcunMedya2", "OdevAcunMedya2\OdevAcunMedya2.csproj", "{449A0D04-8D38-4B35-8B24-3771FB2FA9DC}"
EndProject
Global
	GlobalSection(SolutionConfigurationPlatforms) = preSolution
		Debug|Any CPU = Debug|Any CPU
		Release|Any CPU = Release|Any CPU
	EndGlobalSection
	GlobalSection(ProjectConfigurationPlatforms) = postSolution
		{449A0D04-8D38-4B35-8B24-3771FB2FA9DC}.Debug|Any CPU.ActiveCfg = Debug|Any CPU
		{449A0D04-8D38-4B35-8B24-3771FB2FA9DC}.Debug|Any CPU.Build.0 = Debug|Any CPU
		{449A0D04-8D38-4B35-8B24-3771FB2FA9DC}.Release|Any CPU.ActiveCfg = Release|Any CPU
		{449A0D04-8D38-4B35-8B24-3771FB2FA9DC}.Release|Any CPU.Build.0 = Release|Any CPU
	EndGlobalSection
	GlobalSection(SolutionProperties) = preSolution
		HideSolutionNode = FALSE
	EndGlobalSection
	GlobalSection(ExtensibilityGlobals) = postSolution
		SolutionGuid = {227126F6-D3B0-4986-B9C6-653D29923669}
	EndGlobalSection
EndGlobal
